
Microsoft Visual Studio Solution File, Format Version 12.00
# Visual Studio Version 17
VisualStudioVersion = 17.3.32929.385
MinimumVisualStudioVersion = 10.0.40219.1
Project("{FAE04EC0-301F-11D3-BF4B-00C04F79EFBC}") = "DataTier", "DataTier\DataTier.csproj", "{AEF12B6E-8C8F-49D7-8304-0A7757CE220F}"
EndProject
Project("{FAE04EC0-301F-11D3-BF4B-00C04F79EFBC}") = "LogicTier", "..\LogicTier\LogicTier.csproj", "{FB07C306-A7B8-4AE9-A910-874B147ADF2C}"
	ProjectSection(ProjectDependencies) = postProject
		{AEF12B6E-8C8F-49D7-8304-0A7757CE220F} = {AEF12B6E-8C8F-49D7-8304-0A7757CE220F}
	EndProjectSection
EndProject
Project("{FAE04EC0-301F-11D3-BF4B-00C04F79EFBC}") = "PresentationTier", "..\PresentationTier\PresentationTier.csproj", "{21AA06D9-FD50-48FF-B6DA-E13B059C066F}"
	ProjectSection(ProjectDependencies) = postProject
		{AEF12B6E-8C8F-49D7-8304-0A7757CE220F} = {AEF12B6E-8C8F-49D7-8304-0A7757CE220F}
		{FB07C306-A7B8-4AE9-A910-874B147ADF2C} = {FB07C306-A7B8-4AE9-A910-874B147ADF2C}
	EndProjectSection
EndProject
Global
	GlobalSection(SolutionConfigurationPlatforms) = preSolution
		Debug|Any CPU = Debug|Any CPU
		Release|Any CPU = Release|Any CPU
	EndGlobalSection
	GlobalSection(ProjectConfigurationPlatforms) = postSolution
		{AEF12B6E-8C8F-49D7-8304-0A7757CE220F}.Debug|Any CPU.ActiveCfg = Debug|Any CPU
		{AEF12B6E-8C8F-49D7-8304-0A7757CE220F}.Debug|Any CPU.Build.0 = Debug|Any CPU
		{AEF12B6E-8C8F-49D7-8304-0A7757CE220F}.Release|Any CPU.ActiveCfg = Release|Any CPU
		{AEF12B6E-8C8F-49D7-8304-0A7757CE220F}.Release|Any CPU.Build.0 = Release|Any CPU
		{FB07C306-A7B8-4AE9-A910-874B147ADF2C}.Debug|Any CPU.ActiveCfg = Debug|Any CPU
		{FB07C306-A7B8-4AE9-A910-874B147ADF2C}.Debug|Any CPU.Build.0 = Debug|Any CPU
		{FB07C306-A7B8-4AE9-A910-874B147ADF2C}.Release|Any CPU.ActiveCfg = Release|Any CPU
		{FB07C306-A7B8-4AE9-A910-874B147ADF2C}.Release|Any CPU.Build.0 = Release|Any CPU
		{21AA06D9-FD50-48FF-B6DA-E13B059C066F}.Debug|Any CPU.ActiveCfg = Debug|Any CPU
		{21AA06D9-FD50-48FF-B6DA-E13B059C066F}.Debug|Any CPU.Build.0 = Debug|Any CPU
		{21AA06D9-FD50-48FF-B6DA-E13B059C066F}.Release|Any CPU.ActiveCfg = Release|Any CPU
		{21AA06D9-FD50-48FF-B6DA-E13B059C066F}.Release|Any CPU.Build.0 = Release|Any CPU
	EndGlobalSection
	GlobalSection(SolutionProperties) = preSolution
		HideSolutionNode = FALSE
	EndGlobalSection
	GlobalSection(ExtensibilityGlobals) = postSolution
		SolutionGuid = {788CB244-A17D-45E0-A7E4-F01677EE2510}
	EndGlobalSection
EndGlobal
